{
  "originHash" : "985daad3a09348763a914d06831703a50f4035c301123e1d2a2f5c6e2c2f31cc",
  "pins" : [
    {
      "identity" : "brightfutures",
      "kind" : "remoteSourceControl",
      "location" : "https://github.com/Thomvis/BrightFutures.git",
      "state" : {
        "revision" : "fa66fa183dce7196d431244d0215748cd14c5758",
        "version" : "8.2.0"
      }
    },
    {
      "identity" : "erik",
      "kind" : "remoteSourceControl",
      "location" : "https://github.com/phimage/Erik",
      "state" : {
        "revision" : "109a130e9cdb00789a43a7a625293eeb12d22989",
        "version" : "5.1.0"
      }
    },
    {
      "identity" : "filekit",
      "kind" : "remoteSourceControl",
      "location" : "https://github.com/nvzqz/FileKit.git",
      "state" : {
        "revision" : "9006d2888025fbe893c3c396327b2fe45a8c177b",
        "version" : "6.1.0"
      }
    },
    {
      "identity" : "kanna",
      "kind" : "remoteSourceControl",
      "location" : "https://github.com/tid-kijyun/Kanna.git",
      "state" : {
        "revision" : "41c3d28ea0eac07e4551b28def9de1ede702e739",
        "version" : "5.3.0"
      }
    },
    {
      "identity" : "sdwebimage",
      "kind" : "remoteSourceControl",
      "location" : "https://github.com/SDWebImage/SDWebImage.git",
      "state" : {
        "revision" : "36e79ba485e9bb4d3cd4e3318908866dac5e7b51",
        "version" : "5.21.5"
      }
    },
    {
      "identity" : "sdwebimageswiftui",
      "kind" : "remoteSourceControl",
      "location" : "https://github.com/SDWebImage/SDWebImageSwiftUI",
      "state" : {
        "revision" : "0e331457ca9af2f0b08bcaa138a91ffb907b004f",
        "version" : "3.1.4"
      }
    },
    {
      "identity" : "swiftsoup",
      "kind" : "remoteSourceControl",
      "location" : "https://github.com/scinfu/SwiftSoup",
      "state" : {
        "revision" : "0837db354faf9c9deb710dc597046edaadf5360f",
        "version" : "2.7.6"
      }
    }
  ],
  "version" : 3
}
